// !$*UTF8*$!
{
	archiveVersion = 1;
	classes = {
	};
	objectVersion = 46;
	objects = {

/* Begin PBXBuildFile section */
		025363F11B115D2B002535B4 /* AppDelegate.swift in Sources */ = {isa = PBXBuildFile; fileRef = 025363F01B115D2B002535B4 /* AppDelegate.swift */; };
		025363F31B115D2B002535B4 /* PsychologistViewController.swift in Sources */ = {isa = PBXBuildFile; fileRef = 025363F21B115D2B002535B4 /* PsychologistViewController.swift */; };
		025363F61B115D2B002535B4 /* Main.storyboard in Resources */ = {isa = PBXBuildFile; fileRef = 025363F41B115D2B002535B4 /* Main.storyboard */; };
		025363F81B115D2B002535B4 /* Images.xcassets in Resources */ = {isa = PBXBuildFile; fileRef = 025363F71B115D2B002535B4 /* Images.xcassets */; };
		025363FB1B115D2B002535B4 /* LaunchScreen.xib in Resources */ = {isa = PBXBuildFile; fileRef = 025363F91B115D2B002535B4 /* LaunchScreen.xib */; };
		025364071B115D2B002535B4 /* PsychologistTests.swift in Sources */ = {isa = PBXBuildFile; fileRef = 025364061B115D2B002535B4 /* PsychologistTests.swift */; };
		025364111B11637C002535B4 /* ViewController.swift in Sources */ = {isa = PBXBuildFile; fileRef = 025364101B11637C002535B4 /* ViewController.swift */; };
		025364131B116384002535B4 /* FaceView.swift in Sources */ = {isa = PBXBuildFile; fileRef = 025364121B116384002535B4 /* FaceView.swift */; };
		025364151B124716002535B4 /* HappinessViewController.swift in Sources */ = {isa = PBXBuildFile; fileRef = 025364141B124716002535B4 /* HappinessViewController.swift */; };
		025364191B13ABC6002535B4 /* DiagnosedHappinessViewController.swift in Sources */ = {isa = PBXBuildFile; fileRef = 025364181B13ABC6002535B4 /* DiagnosedHappinessViewController.swift */; };
		02D24F0E1B1414350062A31A /* TextViewController.swift in Sources */ = {isa = PBXBuildFile; fileRef = 02D24F0D1B1414350062A31A /* TextViewController.swift */; };
/* End PBXBuildFile section */

/* Begin PBXContainerItemProxy section */
		025364011B115D2B002535B4 /* PBXContainerItemProxy */ = {
			isa = PBXContainerItemProxy;
			containerPortal = 025363E31B115D2B002535B4 /* Project object */;
			proxyType = 1;
			remoteGlobalIDString = 025363EA1B115D2B002535B4;
			remoteInfo = Psychologist;
		};
/* End PBXContainerItemProxy section */

/* Begin PBXFileReference section */
		025363EB1B115D2B002535B4 /* Psychologist.app */ = {isa = PBXFileReference; explicitFileType = wrapper.application; includeInIndex = 0; path = Psychologist.app; sourceTree = BUILT_PRODUCTS_DIR; };
		025363EF1B115D2B002535B4 /* Info.plist */ = {isa = PBXFileReference; lastKnownFileType = text.plist.xml; path = Info.plist; sourceTree = "<group>"; };
		025363F01B115D2B002535B4 /* AppDelegate.swift */ = {isa = PBXFileReference; lastKnownFileType = sourcecode.swift; path = AppDelegate.swift; sourceTree = "<group>"; };
		025363F21B115D2B002535B4 /* PsychologistViewController.swift */ = {isa = PBXFileReference; lastKnownFileType = sourcecode.swift; path = PsychologistViewController.swift; sourceTree = "<group>"; };
		025363F51B115D2B002535B4 /* Base */ = {isa = PBXFileReference; lastKnownFileType = file.storyboard; name = Base; path = Base.lproj/Main.storyboard; sourceTree = "<group>"; };
		025363F71B115D2B002535B4 /* Images.xcassets */ = {isa = PBXFileReference; lastKnownFileType = folder.assetcatalog; path = Images.xcassets; sourceTree = "<group>"; };
		025363FA1B115D2B002535B4 /* Base */ = {isa = PBXFileReference; lastKnownFileType = file.xib; name = Base; path = Base.lproj/LaunchScreen.xib; sourceTree = "<group>"; };
		025364001B115D2B002535B4 /* PsychologistTests.xctest */ = {isa = PBXFileReference; explicitFileType = wrapper.cfbundle; includeInIndex = 0; path = PsychologistTests.xctest; sourceTree = BUILT_PRODUCTS_DIR; };
		025364051B115D2B002535B4 /* Info.plist */ = {isa = PBXFileReference; lastKnownFileType = text.plist.xml; path = Info.plist; sourceTree = "<group>"; };
		025364061B115D2B002535B4 /* PsychologistTests.swift */ = {isa = PBXFileReference; lastKnownFileType = sourcecode.swift; path = PsychologistTests.swift; sourceTree = "<group>"; };
		025364101B11637C002535B4 /* ViewController.swift */ = {isa = PBXFileReference; fileEncoding = 4; lastKnownFileType = sourcecode.swift; path = ViewController.swift; sourceTree = "<group>"; };
		025364121B116384002535B4 /* FaceView.swift */ = {isa = PBXFileReference; fileEncoding = 4; lastKnownFileType = sourcecode.swift; path = FaceView.swift; sourceTree = "<group>"; };
		025364141B124716002535B4 /* HappinessViewController.swift */ = {isa = PBXFileReference; fileEncoding = 4; lastKnownFileType = sourcecode.swift; path = HappinessViewController.swift; sourceTree = "<group>"; };
		025364181B13ABC6002535B4 /* DiagnosedHappinessViewController.swift */ = {isa = PBXFileReference; fileEncoding = 4; lastKnownFileType = sourcecode.swift; path = DiagnosedHappinessViewController.swift; sourceTree = "<group>"; };
		02D24F0D1B1414350062A31A /* TextViewController.swift */ = {isa = PBXFileReference; fileEncoding = 4; lastKnownFileType = sourcecode.swift; path = TextViewController.swift; sourceTree = "<group>"; };
/* End PBXFileReference section */

/* Begin PBXFrameworksBuildPhase section */
		025363E81B115D2B002535B4 /* Frameworks */ = {
			isa = PBXFrameworksBuildPhase;
			buildActionMask = 2147483647;
			files = (
			);
			runOnlyForDeploymentPostprocessing = 0;
		};
		025363FD1B115D2B002535B4 /* Frameworks */ = {
			isa = PBXFrameworksBuildPhase;
			buildActionMask = 2147483647;
			files = (
			);
			runOnlyForDeploymentPostprocessing = 0;
		};
/* End PBXFrameworksBuildPhase section */

/* Begin PBXGroup section */
		025363E21B115D2B002535B4 = {
			isa = PBXGroup;
			children = (
				02D24F0D1B1414350062A31A /* TextViewController.swift */,
				025363ED1B115D2B002535B4 /* Psychologist */,
				025364031B115D2B002535B4 /* PsychologistTests */,
				025363EC1B115D2B002535B4 /* Products */,
			);
			sourceTree = "<group>";
		};
		025363EC1B115D2B002535B4 /* Products */ = {
			isa = PBXGroup;
			children = (
				025363EB1B115D2B002535B4 /* Psychologist.app */,
				025364001B115D2B002535B4 /* PsychologistTests.xctest */,
			);
			name = Products;
			sourceTree = "<group>";
		};
		025363ED1B115D2B002535B4 /* Psychologist */ = {
			isa = PBXGroup;
			children = (
				025364101B11637C002535B4 /* ViewController.swift */,
				025364121B116384002535B4 /* FaceView.swift */,
				025364141B124716002535B4 /* HappinessViewController.swift */,
				025363F21B115D2B002535B4 /* PsychologistViewController.swift */,
				025363F41B115D2B002535B4 /* Main.storyboard */,
				025364181B13ABC6002535B4 /* DiagnosedHappinessViewController.swift */,
				025363EE1B115D2B002535B4 /* Supporting Files */,
			);
			path = Psychologist;
			sourceTree = "<group>";
		};
		025363EE1B115D2B002535B4 /* Supporting Files */ = {
			isa = PBXGroup;
			children = (
				025363F01B115D2B002535B4 /* AppDelegate.swift */,
				025363F91B115D2B002535B4 /* LaunchScreen.xib */,
				025363F71B115D2B002535B4 /* Images.xcassets */,
				025363EF1B115D2B002535B4 /* Info.plist */,
			);
			name = "Supporting Files";
			sourceTree = "<group>";
		};
		025364031B115D2B002535B4 /* PsychologistTests */ = {
			isa = PBXGroup;
			children = (
				025364061B115D2B002535B4 /* PsychologistTests.swift */,
				025364041B115D2B002535B4 /* Supporting Files */,
			);
			path = PsychologistTests;
			sourceTree = "<group>";
		};
		025364041B115D2B002535B4 /* Supporting Files */ = {
			isa = PBXGroup;
			children = (
				025364051B115D2B002535B4 /* Info.plist */,
			);
			name = "Supporting Files";
			sourceTree = "<group>";
		};
/* End PBXGroup section */

/* Begin PBXNativeTarget section */
		025363EA1B115D2B002535B4 /* Psychologist */ = {
			isa = PBXNativeTarget;
			buildConfigurationList = 0253640A1B115D2B002535B4 /* Build configuration list for PBXNativeTarget "Psychologist" */;
			buildPhases = (
				025363E71B115D2B002535B4 /* Sources */,
				025363E81B115D2B002535B4 /* Frameworks */,
				025363E91B115D2B002535B4 /* Resources */,
			);
			buildRules = (
			);
			dependencies = (
			);
			name = Psychologist;
			productName = Psychologist;
			productReference = 025363EB1B115D2B002535B4 /* Psychologist.app */;
			productType = "com.apple.product-type.application";
		};
		025363FF1B115D2B002535B4 /* PsychologistTests */ = {
			isa = PBXNativeTarget;
			buildConfigurationList = 0253640D1B115D2B002535B4 /* Build configuration list for PBXNativeTarget "PsychologistTests" */;
			buildPhases = (
				025363FC1B115D2B002535B4 /* Sources */,
				025363FD1B115D2B002535B4 /* Frameworks */,
				025363FE1B115D2B002535B4 /* Resources */,
			);
			buildRules = (
			);
			dependencies = (
				025364021B115D2B002535B4 /* PBXTargetDependency */,
			);
			name = PsychologistTests;
			productName = PsychologistTests;
			productReference = 025364001B115D2B002535B4 /* PsychologistTests.xctest */;
			productType = "com.apple.product-type.bundle.unit-test";
		};
/* End PBXNativeTarget section */

/* Begin PBXProject section */
		025363E31B115D2B002535B4 /* Project object */ = {
			isa = PBXProject;
			attributes = {
				LastUpgradeCheck = 0610;
				ORGANIZATIONNAME = "Katie Jones";
				TargetAttributes = {
					025363EA1B115D2B002535B4 = {
						CreatedOnToolsVersion = 6.1.1;
					};
					025363FF1B115D2B002535B4 = {
						CreatedOnToolsVersion = 6.1.1;
						TestTargetID = 025363EA1B115D2B002535B4;
					};
				};
			};
			buildConfigurationList = 025363E61B115D2B002535B4 /* Build configuration list for PBXProject "Psychologist" */;
			compatibilityVersion = "Xcode 3.2";
			developmentRegion = English;
			hasScannedForEncodings = 0;
			knownRegions = (
				en,
				Base,
			);
			mainGroup = 025363E21B115D2B002535B4;
			productRefGroup = 025363EC1B115D2B002535B4 /* Products */;
			projectDirPath = "";
			projectRoot = "";
			targets = (
				025363EA1B115D2B002535B4 /* Psychologist */,
				025363FF1B115D2B002535B4 /* PsychologistTests */,
			);
		};
/* End PBXProject section */

/* Begin PBXResourcesBuildPhase section */
		025363E91B115D2B002535B4 /* Resources */ = {
			isa = PBXResourcesBuildPhase;
			buildActionMask = 2147483647;
			files = (
				025363F61B115D2B002535B4 /* Main.storyboard in Resources */,
				025363FB1B115D2B002535B4 /* LaunchScreen.xib in Resources */,
				025363F81B115D2B002535B4 /* Images.xcassets in Resources */,
			);
			runOnlyForDeploymentPostprocessing = 0;
		};
		025363FE1B115D2B002535B4 /* Resources */ = {
			isa = PBXResourcesBuildPhase;
			buildActionMask = 2147483647;
			files = (
			);
			runOnlyForDeploymentPostprocessing = 0;
		};
/* End PBXResourcesBuildPhase section */

/* Begin PBXSourcesBuildPhase section */
		025363E71B115D2B002535B4 /* Sources */ = {
			isa = PBXSourcesBuildPhase;
			buildActionMask = 2147483647;
			files = (
				025364111B11637C002535B4 /* ViewController.swift in Sources */,
				025363F31B115D2B002535B4 /* PsychologistViewController.swift in Sources */,
				025363F11B115D2B002535B4 /* AppDelegate.swift in Sources */,
				025364131B116384002535B4 /* FaceView.swift in Sources */,
				025364191B13ABC6002535B4 /* DiagnosedHappinessViewController.swift in Sources */,
				02D24F0E1B1414350062A31A /* TextViewController.swift in Sources */,
				025364151B124716002535B4 /* HappinessViewController.swift in Sources */,
			);
			runOnlyForDeploymentPostprocessing = 0;
		};
		025363FC1B115D2B002535B4 /* Sources */ = {
			isa = PBXSourcesBuildPhase;
			buildActionMask = 2147483647;
			files = (
				025364071B115D2B002535B4 /* PsychologistTests.swift in Sources */,
			);
			runOnlyForDeploymentPostprocessing = 0;
		};
/* End PBXSourcesBuildPhase section */

/* Begin PBXTargetDependency section */
		025364021B115D2B002535B4 /* PBXTargetDependency */ = {
			isa = PBXTargetDependency;
			target = 025363EA1B115D2B002535B4 /* Psychologist */;
			targetProxy = 025364011B115D2B002535B4 /* PBXContainerItemProxy */;
		};
/* End PBXTargetDependency section */

/* Begin PBXVariantGroup section */
		025363F41B115D2B002535B4 /* Main.storyboard */ = {
			isa = PBXVariantGroup;
			children = (
				025363F51B115D2B002535B4 /* Base */,
			);
			name = Main.storyboard;
			sourceTree = "<group>";
		};
		025363F91B115D2B002535B4 /* LaunchScreen.xib */ = {
			isa = PBXVariantGroup;
			children = (
				025363FA1B115D2B002535B4 /* Base */,
			);
			name = LaunchScreen.xib;
			sourceTree = "<group>";
		};
/* End PBXVariantGroup section */

/* Begin XCBuildConfiguration section */
		025364081B115D2B002535B4 /* Debug */ = {
			isa = XCBuildConfiguration;
			buildSettings = {
				ALWAYS_SEARCH_USER_PATHS = NO;
				CLANG_CXX_LANGUAGE_STANDARD = "gnu++0x";
				CLANG_CXX_LIBRARY = "libc++";
				CLANG_ENABLE_MODULES = YES;
				CLANG_ENABLE_OBJC_ARC = YES;
				CLANG_WARN_BOOL_CONVERSION = YES;
				CLANG_WARN_CONSTANT_CONVERSION = YES;
				CLANG_WARN_DIRECT_OBJC_ISA_USAGE = YES_ERROR;
				CLANG_WARN_EMPTY_BODY = YES;
				CLANG_WARN_ENUM_CONVERSION = YES;
				CLANG_WARN_INT_CONVERSION = YES;
				CLANG_WARN_OBJC_ROOT_CLASS = YES_ERROR;
				CLANG_WARN_UNREACHABLE_CODE = YES;
				CLANG_WARN__DUPLICATE_METHOD_MATCH = YES;
				"CODE_SIGN_IDENTITY[sdk=iphoneos*]" = "iPhone Developer";
				COPY_PHASE_STRIP = NO;
				ENABLE_STRICT_OBJC_MSGSEND = YES;
				GCC_C_LANGUAGE_STANDARD = gnu99;
				GCC_DYNAMIC_NO_PIC = NO;
				GCC_OPTIMIZATION_LEVEL = 0;
				GCC_PREPROCESSOR_DEFINITIONS = (
					"DEBUG=1",
					"$(inherited)",
				);
				GCC_SYMBOLS_PRIVATE_EXTERN = NO;
				GCC_WARN_64_TO_32_BIT_CONVERSION = YES;
				GCC_WARN_ABOUT_RETURN_TYPE = YES_ERROR;
				GCC_WARN_UNDECLARED_SELECTOR = YES;
				GCC_WARN_UNINITIALIZED_AUTOS = YES_AGGRESSIVE;
				GCC_WARN_UNUSED_FUNCTION = YES;
				GCC_WARN_UNUSED_VARIABLE = YES;
				IPHONEOS_DEPLOYMENT_TARGET = 8.1;
				MTL_ENABLE_DEBUG_INFO = YES;
				ONLY_ACTIVE_ARCH = YES;
				SDKROOT = iphoneos;
				SWIFT_OPTIMIZATION_LEVEL = "-Onone";
				TARGETED_DEVICE_FAMILY = "1,2";
			};
			name = Debug;
		};
		025364091B115D2B002535B4 /* Release */ = {
			isa = XCBuildConfiguration;
			buildSettings = {
				ALWAYS_SEARCH_USER_PATHS = NO;
				CLANG_CXX_LANGUAGE_STANDARD = "gnu++0x";
				CLANG_CXX_LIBRARY = "libc++";
				CLANG_ENABLE_MODULES = YES;
				CLANG_ENABLE_OBJC_ARC = YES;
				CLANG_WARN_BOOL_CONVERSION = YES;
				CLANG_WARN_CONSTANT_CONVERSION = YES;
				CLANG_WARN_DIRECT_OBJC_ISA_USAGE = YES_ERROR;
				CLANG_WARN_EMPTY_BODY = YES;
				CLANG_WARN_ENUM_CONVERSION = YES;
				CLANG_WARN_INT_CONVERSION = YES;
				CLANG_WARN_OBJC_ROOT_CLASS = YES_ERROR;
				CLANG_WARN_UNREACHABLE_CODE = YES;
				CLANG_WARN__DUPLICATE_METHOD_MATCH = YES;
				"CODE_SIGN_IDENTITY[sdk=iphoneos*]" = "iPhone Developer";
				COPY_PHASE_STRIP = YES;
				ENABLE_NS_ASSERTIONS = NO;
				ENABLE_STRICT_OBJC_MSGSEND = YES;
				GCC_C_LANGUAGE_STANDARD = gnu99;
				GCC_WARN_64_TO_32_BIT_CONVERSION = YES;
				GCC_WARN_ABOUT_RETURN_TYPE = YES_ERROR;
				GCC_WARN_UNDECLARED_SELECTOR = YES;
				GCC_WARN_UNINITIALIZED_AUTOS = YES_AGGRESSIVE;
				GCC_WARN_UNUSED_FUNCTION = YES;
				GCC_WARN_UNUSED_VARIABLE = YES;
				IPHONEOS_DEPLOYMENT_TARGET = 8.1;
				MTL_ENABLE_DEBUG_INFO = NO;
				SDKROOT = iphoneos;
				TARGETED_DEVICE_FAMILY = "1,2";
				VALIDATE_PRODUCT = YES;
			};
			name = Release;
		};
		0253640B1B115D2B002535B4 /* Debug */ = {
			isa = XCBuildConfiguration;
			buildSettings = {
				ASSETCATALOG_COMPILER_APPICON_NAME = AppIcon;
				INFOPLIST_FILE = Psychologist/Info.plist;
				LD_RUNPATH_SEARCH_PATHS = "$(inherited) @executable_path/Frameworks";
				PRODUCT_NAME = "$(TARGET_NAME)";
			};
			name = Debug;
		};
		0253640C1B115D2B002535B4 /* Release */ = {
			isa = XCBuildConfiguration;
			buildSettings = {
				ASSETCATALOG_COMPILER_APPICON_NAME = AppIcon;
				INFOPLIST_FILE = Psychologist/Info.plist;
				LD_RUNPATH_SEARCH_PATHS = "$(inherited) @executable_path/Frameworks";
				PRODUCT_NAME = "$(TARGET_NAME)";
			};
			name = Release;
		};
		0253640E1B115D2B002535B4 /* Debug */ = {
			isa = XCBuildConfiguration;
			buildSettings = {
				BUNDLE_LOADER = "$(TEST_HOST)";
				FRAMEWORK_SEARCH_PATHS = (
					"$(SDKROOT)/Developer/Library/Frameworks",
					"$(inherited)",
				);
				GCC_PREPROCESSOR_DEFINITIONS = (
					"DEBUG=1",
					"$(inherited)",
				);
				INFOPLIST_FILE = PsychologistTests/Info.plist;
				LD_RUNPATH_SEARCH_PATHS = "$(inherited) @executable_path/Frameworks @loader_path/Frameworks";
				PRODUCT_NAME = "$(TARGET_NAME)";
				TEST_HOST = "$(BUILT_PRODUCTS_DIR)/Psychologist.app/Psychologist";
			};
			name = Debug;
		};
		0253640F1B115D2B002535B4 /* Release */ = {
			isa = XCBuildConfiguration;
			buildSettings = {
				BUNDLE_LOADER = "$(TEST_HOST)";
				FRAMEWORK_SEARCH_PATHS = (
					"$(SDKROOT)/Developer/Library/Frameworks",
					"$(inherited)",
				);
				INFOPLIST_FILE = PsychologistTests/Info.plist;
				LD_RUNPATH_SEARCH_PATHS = "$(inherited) @executable_path/Frameworks @loader_path/Frameworks";
				PRODUCT_NAME = "$(TARGET_NAME)";
				TEST_HOST = "$(BUILT_PRODUCTS_DIR)/Psychologist.app/Psychologist";
			};
			name = Release;
		};
/* End XCBuildConfiguration section */

/* Begin XCConfigurationList section */
		025363E61B115D2B002535B4 /* Build configuration list for PBXProject "Psychologist" */ = {
			isa = XCConfigurationList;
			buildConfigurations = (
				025364081B115D2B002535B4 /* Debug */,
				025364091B115D2B002535B4 /* Release */,
			);
			defaultConfigurationIsVisible = 0;
			defaultConfigurationName = Release;
		};
		0253640A1B115D2B002535B4 /* Build configuration list for PBXNativeTarget "Psychologist" */ = {
			isa = XCConfigurationList;
			buildConfigurations = (
				0253640B1B115D2B002535B4 /* Debug */,
				0253640C1B115D2B002535B4 /* Release */,
			);
			defaultConfigurationIsVisible = 0;
			defaultConfigurationName = Release;
		};
		0253640D1B115D2B002535B4 /* Build configuration list for PBXNativeTarget "PsychologistTests" */ = {
			isa = XCConfigurationList;
			buildConfigurations = (
				0253640E1B115D2B002535B4 /* Debug */,
				0253640F1B115D2B002535B4 /* Release */,
			);
			defaultConfigurationIsVisible = 0;
			defaultConfigurationName = Release;
		};
/* End XCConfigurationList section */
	};
	rootObject = 025363E31B115D2B002535B4 /* Project object */;
}
